{
    "_readme": [
        "This file locks the dependencies of your project to a known state",
        "Read more about it at https://getcomposer.org/doc/01-basic-usage.md#installing-dependencies",
        "This file is @generated automatically"
    ],
    "content-hash": "5b53bc23e15827f5e6d24cc2a27f63cb",
    "packages": [
        {
            "name": "yzncms/think-installer",
            "version": "v2.0.6",
            "source": {
                "type": "git",
                "url": "https://github.com/ken678/think-installer.git",
                "reference": "a18af4bb69144329f5018cf4a471a8422b39b1ba"
            },
            "dist": {
                "type": "zip",
                "url": "https://api.github.com/repos/ken678/think-installer/zipball/a18af4bb69144329f5018cf4a471a8422b39b1ba",
                "reference": "a18af4bb69144329f5018cf4a471a8422b39b1ba",
                "shasum": "",
                "mirrors": [
                    {
                        "url": "https://mirrors.aliyun.com/composer/dists/%package%/%reference%.%type%",
                        "preferred": true
                    }
                ]
            },
            "require": {
                "composer-plugin-api": "^1.0||^2.0"
            },
            "require-dev": {
                "composer/composer": "^1.0||^2.0"
            },
            "type": "composer-plugin",
            "extra": {
                "class": "think\\composer\\Plugin"
            },
            "autoload": {
                "psr-4": {
                    "think\\composer\\": "src"
                }
            },
            "notification-url": "https://packagist.org/downloads/",
            "license": [
                "Apache-2.0"
            ],
            "authors": [
                {
                    "name": "yunwuxin",
                    "email": "448901948@qq.com"
                }
            ],
            "support": {
                "issues": "https://github.com/ken678/think-installer/issues",
                "source": "https://github.com/ken678/think-installer/tree/v2.0.6"
            },
            "time": "2022-03-21T03:40:26+00:00"
        }
    ],
    "packages-dev": [],
    "aliases": [],
    "minimum-stability": "dev",
    "stability-flags": [],
    "prefer-stable": false,
    "prefer-lowest": false,
    "platform": [],
    "platform-dev": [],
    "plugin-api-version": "2.3.0"
}
